
Microsoft Visual Studio Solution File, Format Version 12.00
Project("{FAE04EC0-301F-11D3-BF4B-00C04F79EFBC}") = "KnightEngine", "KnightEngine\KnightEngine.csproj", "{0A1C7F52-F01C-4020-9FC0-E9CB1683347B}"
EndProject
Project("{FAE04EC0-301F-11D3-BF4B-00C04F79EFBC}") = "S001AvgGame", "S001AvgGame\S001AvgGame.csproj", "{D12DE475-93F4-48A7-9C8E-BFA4942733D6}"
EndProject
Global
	GlobalSection(SolutionConfigurationPlatforms) = preSolution
		Debug|Any CPU = Debug|Any CPU
		Release|Any CPU = Release|Any CPU
	EndGlobalSection
	GlobalSection(ProjectConfigurationPlatforms) = postSolution
		{0A1C7F52-F01C-4020-9FC0-E9CB1683347B}.Debug|Any CPU.ActiveCfg = Debug|Any CPU
		{0A1C7F52-F01C-4020-9FC0-E9CB1683347B}.Debug|Any CPU.Build.0 = Debug|Any CPU
		{0A1C7F52-F01C-4020-9FC0-E9CB1683347B}.Release|Any CPU.ActiveCfg = Release|Any CPU
		{0A1C7F52-F01C-4020-9FC0-E9CB1683347B}.Release|Any CPU.Build.0 = Release|Any CPU
		{D12DE475-93F4-48A7-9C8E-BFA4942733D6}.Debug|Any CPU.ActiveCfg = Debug|Any CPU
		{D12DE475-93F4-48A7-9C8E-BFA4942733D6}.Debug|Any CPU.Build.0 = Debug|Any CPU
		{D12DE475-93F4-48A7-9C8E-BFA4942733D6}.Release|Any CPU.ActiveCfg = Release|Any CPU
		{D12DE475-93F4-48A7-9C8E-BFA4942733D6}.Release|Any CPU.Build.0 = Release|Any CPU
	EndGlobalSection
EndGlobal
